{
  "nodes": {
    "flake-compat": {
      "flake": false,
      "locked": {
        "lastModified": 1673956053,
        "narHash": "sha256-4gtG9iQuiKITOjNQQeQIpoIB6b16fm+504Ch3sNKLd8=",
        "owner": "edolstra",
        "repo": "flake-compat",
        "rev": "35bb57c0c8d8b62bbfd284272c928ceb64ddbde9",
        "type": "github"
      },
      "original": {
        "owner": "edolstra",
        "repo": "flake-compat",
        "type": "github"
      }
    },
    "mini-compile-commands": {
      "flake": false,
      "locked": {
        "lastModified": 1685909220,
        "narHash": "sha256-DTYtArvtUMsSyTgniJo4M5fnLRFi/7vFJz3y7F825Mg=",
        "owner": "danielbarter",
        "repo": "mini_compile_commands",
        "rev": "91dd50748107c16dcf695b0da4aaade6b89b9541",
        "type": "github"
      },
      "original": {
        "owner": "danielbarter",
        "repo": "mini_compile_commands",
        "type": "github"
      }
    },
    "nixpkgs": {
      "locked": {
        "lastModified": 1688767859,
        "narHash": "sha256-63kl8GFgy8JdzlPncedvDP7gA72hI1kUzdtSAC9/HmU=",
        "owner": "NixOS",
        "repo": "nixpkgs",
        "rev": "323442a9e97b39108db20b86110da348373ac992",
        "type": "github"
      },
      "original": {
        "owner": "NixOS",
        "ref": "master",
        "repo": "nixpkgs",
        "type": "github"
      }
    },
    "root": {
      "inputs": {
        "flake-compat": "flake-compat",
        "mini-compile-commands": "mini-compile-commands",
        "nixpkgs": "nixpkgs"
      }
    }
  },
  "root": "root",
  "version": 7
}
