{
  "nodes": {
    "nixpkgs": {
      "locked": {
        "lastModified": 1650921206,
        "narHash": "sha256-RGlfTC2ktqLVw0gBvZeCM//B4ig2CdQJm39sDvm0DBQ=",
        "owner": "NixOS",
        "repo": "nixpkgs",
        "rev": "3a9e0f239d80fa134e8fcbdee4dfc793902da37e",
        "type": "github"
      },
      "original": {
        "owner": "NixOS",
        "ref": "nixos-21.11",
        "repo": "nixpkgs",
        "type": "github"
      }
    },
    "root": {
      "inputs": {
        "nixpkgs": "nixpkgs"
      }
    }
  },
  "root": "root",
  "version": 7
}
